
Microsoft Visual Studio Solution File, Format Version 12.00
# Visual Studio Version 16
VisualStudioVersion = 16.0.29905.134
MinimumVisualStudioVersion = 10.0.40219.1
Project("{FAE04EC0-301F-11D3-BF4B-00C04F79EFBC}") = "RemoteAccessTester", "RemoteAccessTester\RemoteAccessTester.csproj", "{40B82D43-C4D8-4646-B87A-128EB2C6118E}"
EndProject
Project("{FAE04EC0-301F-11D3-BF4B-00C04F79EFBC}") = "MockSetup", "MockSetup\MockSetup.csproj", "{C9A243E5-6443-4A00-ACAC-C20A61286264}"
EndProject
Project("{FAE04EC0-301F-11D3-BF4B-00C04F79EFBC}") = "MockPlugin", "Plugin\MockPlugin.csproj", "{5AB153C0-A99A-4572-8A8D-26AAFAD4F496}"
EndProject
Global
	GlobalSection(SolutionConfigurationPlatforms) = preSolution
		Debug|Any CPU = Debug|Any CPU
		Debug|x86 = Debug|x86
		Release|Any CPU = Release|Any CPU
		Release|x86 = Release|x86
	EndGlobalSection
	GlobalSection(ProjectConfigurationPlatforms) = postSolution
		{40B82D43-C4D8-4646-B87A-128EB2C6118E}.Debug|Any CPU.ActiveCfg = Debug|Any CPU
		{40B82D43-C4D8-4646-B87A-128EB2C6118E}.Debug|Any CPU.Build.0 = Debug|Any CPU
		{40B82D43-C4D8-4646-B87A-128EB2C6118E}.Debug|x86.ActiveCfg = Debug|x86
		{40B82D43-C4D8-4646-B87A-128EB2C6118E}.Debug|x86.Build.0 = Debug|x86
		{40B82D43-C4D8-4646-B87A-128EB2C6118E}.Release|Any CPU.ActiveCfg = Release|Any CPU
		{40B82D43-C4D8-4646-B87A-128EB2C6118E}.Release|Any CPU.Build.0 = Release|Any CPU
		{40B82D43-C4D8-4646-B87A-128EB2C6118E}.Release|x86.ActiveCfg = Release|x86
		{40B82D43-C4D8-4646-B87A-128EB2C6118E}.Release|x86.Build.0 = Release|x86
		{C9A243E5-6443-4A00-ACAC-C20A61286264}.Debug|Any CPU.ActiveCfg = Debug|Any CPU
		{C9A243E5-6443-4A00-ACAC-C20A61286264}.Debug|Any CPU.Build.0 = Debug|Any CPU
		{C9A243E5-6443-4A00-ACAC-C20A61286264}.Debug|x86.ActiveCfg = Debug|x86
		{C9A243E5-6443-4A00-ACAC-C20A61286264}.Debug|x86.Build.0 = Debug|x86
		{C9A243E5-6443-4A00-ACAC-C20A61286264}.Release|Any CPU.ActiveCfg = Release|Any CPU
		{C9A243E5-6443-4A00-ACAC-C20A61286264}.Release|Any CPU.Build.0 = Release|Any CPU
		{C9A243E5-6443-4A00-ACAC-C20A61286264}.Release|x86.ActiveCfg = Release|x86
		{C9A243E5-6443-4A00-ACAC-C20A61286264}.Release|x86.Build.0 = Release|x86
		{5AB153C0-A99A-4572-8A8D-26AAFAD4F496}.Debug|Any CPU.ActiveCfg = Debug|Any CPU
		{5AB153C0-A99A-4572-8A8D-26AAFAD4F496}.Debug|Any CPU.Build.0 = Debug|Any CPU
		{5AB153C0-A99A-4572-8A8D-26AAFAD4F496}.Debug|x86.ActiveCfg = Debug|x86
		{5AB153C0-A99A-4572-8A8D-26AAFAD4F496}.Debug|x86.Build.0 = Debug|x86
		{5AB153C0-A99A-4572-8A8D-26AAFAD4F496}.Release|Any CPU.ActiveCfg = Release|Any CPU
		{5AB153C0-A99A-4572-8A8D-26AAFAD4F496}.Release|Any CPU.Build.0 = Release|Any CPU
		{5AB153C0-A99A-4572-8A8D-26AAFAD4F496}.Release|x86.ActiveCfg = Release|x86
		{5AB153C0-A99A-4572-8A8D-26AAFAD4F496}.Release|x86.Build.0 = Release|x86
	EndGlobalSection
	GlobalSection(SolutionProperties) = preSolution
		HideSolutionNode = FALSE
	EndGlobalSection
	GlobalSection(ExtensibilityGlobals) = postSolution
		SolutionGuid = {94872BB9-3767-4F6B-8AD0-11346EF845E2}
	EndGlobalSection
EndGlobal
